
Microsoft Visual Studio Solution File, Format Version 12.00
# Visual Studio Version 16
VisualStudioVersion = 16.0.30002.166
MinimumVisualStudioVersion = 10.0.40219.1
Project("{FAE04EC0-301F-11D3-BF4B-00C04F79EFBC}") = "LibGit2Sharp.App.UWP", "LibGit2Sharp.App.UWP\LibGit2Sharp.App.UWP.csproj", "{4F0DFF10-E16B-4CE0-8684-AF8A7B7C4E0B}"
EndProject
Project("{FAE04EC0-301F-11D3-BF4B-00C04F79EFBC}") = "LibGit2Sharp.App.Android", "LibGit2Sharp.App.Android\LibGit2Sharp.App.Android.csproj", "{C88592B0-24DB-463D-A6F5-B716F82D2355}"
EndProject
Project("{FAE04EC0-301F-11D3-BF4B-00C04F79EFBC}") = "LibGit2Sharp.App.iOS", "LibGit2Sharp.App.iOS\LibGit2Sharp.App.iOS.csproj", "{5D68FBD1-5153-4210-8722-8F0B70F9650C}"
EndProject
Project("{9A19103F-16F7-4668-BE54-9A1E7A4F7556}") = "LibGit2Sharp.App", "LibGit2Sharp.App\LibGit2Sharp.App.csproj", "{28F07E10-9595-46A8-8ED7-C84C0BF61041}"
EndProject
Project("{9A19103F-16F7-4668-BE54-9A1E7A4F7556}") = "LibGit2Sharp", "..\LibGit2Sharp\LibGit2Sharp.csproj", "{ED3F7A2F-0D08-4C09-AAE1-B359BF59A9AF}"
EndProject
Project("{2150E333-8FDC-42A3-9474-1A3956D46DE8}") = "LibGit2Sharp", "LibGit2Sharp", "{1ECF30C3-E2BA-4ACE-ADED-5DE19D2DF931}"
EndProject
Project("{D954291E-2A0B-460D-934E-DC6B0785DB48}") = "LibGit2Sharp.Shared", "..\LibGit2Sharp.Shared\LibGit2Sharp.Shared.shproj", "{6A474118-6CF1-4C76-8A52-2286B9AB0CFA}"
EndProject
Project("{FAE04EC0-301F-11D3-BF4B-00C04F79EFBC}") = "LibGit2Sharp.Droid", "..\LibGit2Sharp.Droid\LibGit2Sharp.Droid.csproj", "{091495B7-BCC3-421F-96F3-2BE6ECA1A42D}"
EndProject
Project("{FAE04EC0-301F-11D3-BF4B-00C04F79EFBC}") = "LibGit2Sharp.iOS", "..\LibGit2Sharp.iOS\LibGit2Sharp.iOS.csproj", "{EC2EA29B-E3C5-4AF1-8522-499CE6FBFD6F}"
EndProject
Project("{FAE04EC0-301F-11D3-BF4B-00C04F79EFBC}") = "LibGit2Sharp.UWP", "..\LibGit2Sharp.UWP\LibGit2Sharp.UWP.csproj", "{E10262E8-644D-4463-A6E0-0DAB7D6AC24F}"
EndProject
Global
	GlobalSection(SharedMSBuildProjectFiles) = preSolution
		..\LibGit2Sharp.Shared\LibGit2Sharp.Shared.projitems*{091495b7-bcc3-421f-96f3-2be6eca1a42d}*SharedItemsImports = 4
		..\LibGit2Sharp.Shared\LibGit2Sharp.Shared.projitems*{4f0dff10-e16b-4ce0-8684-af8a7b7c4e0b}*SharedItemsImports = 4
		..\LibGit2Sharp.Shared\LibGit2Sharp.Shared.projitems*{5d68fbd1-5153-4210-8722-8f0b70f9650c}*SharedItemsImports = 4
		..\LibGit2Sharp.Shared\LibGit2Sharp.Shared.projitems*{6a474118-6cf1-4c76-8a52-2286b9ab0cfa}*SharedItemsImports = 13
		..\LibGit2Sharp.Shared\LibGit2Sharp.Shared.projitems*{c88592b0-24db-463d-a6f5-b716f82d2355}*SharedItemsImports = 4
		..\LibGit2Sharp.Shared\LibGit2Sharp.Shared.projitems*{e10262e8-644d-4463-a6e0-0dab7d6ac24f}*SharedItemsImports = 4
		..\LibGit2Sharp.Shared\LibGit2Sharp.Shared.projitems*{ec2ea29b-e3c5-4af1-8522-499ce6fbfd6f}*SharedItemsImports = 4
		..\LibGit2Sharp.Shared\LibGit2Sharp.Shared.projitems*{ed3f7a2f-0d08-4c09-aae1-b359bf59a9af}*SharedItemsImports = 5
	EndGlobalSection
	GlobalSection(SolutionConfigurationPlatforms) = preSolution
		Debug|Any CPU = Debug|Any CPU
		Debug|ARM = Debug|ARM
		Debug|ARM64 = Debug|ARM64
		Debug|iPhone = Debug|iPhone
		Debug|iPhoneSimulator = Debug|iPhoneSimulator
		Debug|x64 = Debug|x64
		Debug|x86 = Debug|x86
		Release|Any CPU = Release|Any CPU
		Release|ARM = Release|ARM
		Release|ARM64 = Release|ARM64
		Release|iPhone = Release|iPhone
		Release|iPhoneSimulator = Release|iPhoneSimulator
		Release|x64 = Release|x64
		Release|x86 = Release|x86
	EndGlobalSection
	GlobalSection(ProjectConfigurationPlatforms) = postSolution
		{4F0DFF10-E16B-4CE0-8684-AF8A7B7C4E0B}.Debug|Any CPU.ActiveCfg = Debug|x86
		{4F0DFF10-E16B-4CE0-8684-AF8A7B7C4E0B}.Debug|Any CPU.Build.0 = Debug|x86
		{4F0DFF10-E16B-4CE0-8684-AF8A7B7C4E0B}.Debug|Any CPU.Deploy.0 = Debug|x86
		{4F0DFF10-E16B-4CE0-8684-AF8A7B7C4E0B}.Debug|ARM.ActiveCfg = Debug|ARM
		{4F0DFF10-E16B-4CE0-8684-AF8A7B7C4E0B}.Debug|ARM.Build.0 = Debug|ARM
		{4F0DFF10-E16B-4CE0-8684-AF8A7B7C4E0B}.Debug|ARM.Deploy.0 = Debug|ARM
		{4F0DFF10-E16B-4CE0-8684-AF8A7B7C4E0B}.Debug|ARM64.ActiveCfg = Debug|x86
		{4F0DFF10-E16B-4CE0-8684-AF8A7B7C4E0B}.Debug|iPhone.ActiveCfg = Debug|x86
		{4F0DFF10-E16B-4CE0-8684-AF8A7B7C4E0B}.Debug|iPhone.Build.0 = Debug|x86
		{4F0DFF10-E16B-4CE0-8684-AF8A7B7C4E0B}.Debug|iPhone.Deploy.0 = Debug|x86
		{4F0DFF10-E16B-4CE0-8684-AF8A7B7C4E0B}.Debug|iPhoneSimulator.ActiveCfg = Debug|x86
		{4F0DFF10-E16B-4CE0-8684-AF8A7B7C4E0B}.Debug|iPhoneSimulator.Build.0 = Debug|x86
		{4F0DFF10-E16B-4CE0-8684-AF8A7B7C4E0B}.Debug|iPhoneSimulator.Deploy.0 = Debug|x86
		{4F0DFF10-E16B-4CE0-8684-AF8A7B7C4E0B}.Debug|x64.ActiveCfg = Debug|x64
		{4F0DFF10-E16B-4CE0-8684-AF8A7B7C4E0B}.Debug|x64.Build.0 = Debug|x64
		{4F0DFF10-E16B-4CE0-8684-AF8A7B7C4E0B}.Debug|x64.Deploy.0 = Debug|x64
		{4F0DFF10-E16B-4CE0-8684-AF8A7B7C4E0B}.Debug|x86.ActiveCfg = Debug|x86
		{4F0DFF10-E16B-4CE0-8684-AF8A7B7C4E0B}.Debug|x86.Build.0 = Debug|x86
		{4F0DFF10-E16B-4CE0-8684-AF8A7B7C4E0B}.Debug|x86.Deploy.0 = Debug|x86
		{4F0DFF10-E16B-4CE0-8684-AF8A7B7C4E0B}.Release|Any CPU.ActiveCfg = Release|x86
		{4F0DFF10-E16B-4CE0-8684-AF8A7B7C4E0B}.Release|Any CPU.Build.0 = Release|x86
		{4F0DFF10-E16B-4CE0-8684-AF8A7B7C4E0B}.Release|Any CPU.Deploy.0 = Release|x86
		{4F0DFF10-E16B-4CE0-8684-AF8A7B7C4E0B}.Release|ARM.ActiveCfg = Release|ARM
		{4F0DFF10-E16B-4CE0-8684-AF8A7B7C4E0B}.Release|ARM.Build.0 = Release|ARM
		{4F0DFF10-E16B-4CE0-8684-AF8A7B7C4E0B}.Release|ARM.Deploy.0 = Release|ARM
		{4F0DFF10-E16B-4CE0-8684-AF8A7B7C4E0B}.Release|ARM64.ActiveCfg = Release|x86
		{4F0DFF10-E16B-4CE0-8684-AF8A7B7C4E0B}.Release|iPhone.ActiveCfg = Release|x86
		{4F0DFF10-E16B-4CE0-8684-AF8A7B7C4E0B}.Release|iPhone.Build.0 = Release|x86
		{4F0DFF10-E16B-4CE0-8684-AF8A7B7C4E0B}.Release|iPhone.Deploy.0 = Release|x86
		{4F0DFF10-E16B-4CE0-8684-AF8A7B7C4E0B}.Release|iPhoneSimulator.ActiveCfg = Release|x86
		{4F0DFF10-E16B-4CE0-8684-AF8A7B7C4E0B}.Release|iPhoneSimulator.Build.0 = Release|x86
		{4F0DFF10-E16B-4CE0-8684-AF8A7B7C4E0B}.Release|iPhoneSimulator.Deploy.0 = Release|x86
		{4F0DFF10-E16B-4CE0-8684-AF8A7B7C4E0B}.Release|x64.ActiveCfg = Release|x64
		{4F0DFF10-E16B-4CE0-8684-AF8A7B7C4E0B}.Release|x64.Build.0 = Release|x64
		{4F0DFF10-E16B-4CE0-8684-AF8A7B7C4E0B}.Release|x64.Deploy.0 = Release|x64
		{4F0DFF10-E16B-4CE0-8684-AF8A7B7C4E0B}.Release|x86.ActiveCfg = Release|x86
		{4F0DFF10-E16B-4CE0-8684-AF8A7B7C4E0B}.Release|x86.Build.0 = Release|x86
		{4F0DFF10-E16B-4CE0-8684-AF8A7B7C4E0B}.Release|x86.Deploy.0 = Release|x86
		{C88592B0-24DB-463D-A6F5-B716F82D2355}.Debug|Any CPU.ActiveCfg = Debug|Any CPU
		{C88592B0-24DB-463D-A6F5-B716F82D2355}.Debug|Any CPU.Build.0 = Debug|Any CPU
		{C88592B0-24DB-463D-A6F5-B716F82D2355}.Debug|Any CPU.Deploy.0 = Debug|Any CPU
		{C88592B0-24DB-463D-A6F5-B716F82D2355}.Debug|ARM.ActiveCfg = Debug|Any CPU
		{C88592B0-24DB-463D-A6F5-B716F82D2355}.Debug|ARM.Build.0 = Debug|Any CPU
		{C88592B0-24DB-463D-A6F5-B716F82D2355}.Debug|ARM.Deploy.0 = Debug|Any CPU
		{C88592B0-24DB-463D-A6F5-B716F82D2355}.Debug|ARM64.ActiveCfg = Debug|Any CPU
		{C88592B0-24DB-463D-A6F5-B716F82D2355}.Debug|ARM64.Build.0 = Debug|Any CPU
		{C88592B0-24DB-463D-A6F5-B716F82D2355}.Debug|ARM64.Deploy.0 = Debug|Any CPU
		{C88592B0-24DB-463D-A6F5-B716F82D2355}.Debug|iPhone.ActiveCfg = Debug|Any CPU
		{C88592B0-24DB-463D-A6F5-B716F82D2355}.Debug|iPhone.Build.0 = Debug|Any CPU
		{C88592B0-24DB-463D-A6F5-B716F82D2355}.Debug|iPhone.Deploy.0 = Debug|Any CPU
		{C88592B0-24DB-463D-A6F5-B716F82D2355}.Debug|iPhoneSimulator.ActiveCfg = Debug|Any CPU
		{C88592B0-24DB-463D-A6F5-B716F82D2355}.Debug|iPhoneSimulator.Build.0 = Debug|Any CPU
		{C88592B0-24DB-463D-A6F5-B716F82D2355}.Debug|iPhoneSimulator.Deploy.0 = Debug|Any CPU
		{C88592B0-24DB-463D-A6F5-B716F82D2355}.Debug|x64.ActiveCfg = Debug|Any CPU
		{C88592B0-24DB-463D-A6F5-B716F82D2355}.Debug|x64.Build.0 = Debug|Any CPU
		{C88592B0-24DB-463D-A6F5-B716F82D2355}.Debug|x64.Deploy.0 = Debug|Any CPU
		{C88592B0-24DB-463D-A6F5-B716F82D2355}.Debug|x86.ActiveCfg = Debug|Any CPU
		{C88592B0-24DB-463D-A6F5-B716F82D2355}.Debug|x86.Build.0 = Debug|Any CPU
		{C88592B0-24DB-463D-A6F5-B716F82D2355}.Debug|x86.Deploy.0 = Debug|Any CPU
		{C88592B0-24DB-463D-A6F5-B716F82D2355}.Release|Any CPU.ActiveCfg = Release|Any CPU
		{C88592B0-24DB-463D-A6F5-B716F82D2355}.Release|Any CPU.Build.0 = Release|Any CPU
		{C88592B0-24DB-463D-A6F5-B716F82D2355}.Release|Any CPU.Deploy.0 = Release|Any CPU
		{C88592B0-24DB-463D-A6F5-B716F82D2355}.Release|ARM.ActiveCfg = Release|Any CPU
		{C88592B0-24DB-463D-A6F5-B716F82D2355}.Release|ARM.Build.0 = Release|Any CPU
		{C88592B0-24DB-463D-A6F5-B716F82D2355}.Release|ARM.Deploy.0 = Release|Any CPU
		{C88592B0-24DB-463D-A6F5-B716F82D2355}.Release|ARM64.ActiveCfg = Release|Any CPU
		{C88592B0-24DB-463D-A6F5-B716F82D2355}.Release|ARM64.Build.0 = Release|Any CPU
		{C88592B0-24DB-463D-A6F5-B716F82D2355}.Release|ARM64.Deploy.0 = Release|Any CPU
		{C88592B0-24DB-463D-A6F5-B716F82D2355}.Release|iPhone.ActiveCfg = Release|Any CPU
		{C88592B0-24DB-463D-A6F5-B716F82D2355}.Release|iPhone.Build.0 = Release|Any CPU
		{C88592B0-24DB-463D-A6F5-B716F82D2355}.Release|iPhone.Deploy.0 = Release|Any CPU
		{C88592B0-24DB-463D-A6F5-B716F82D2355}.Release|iPhoneSimulator.ActiveCfg = Release|Any CPU
		{C88592B0-24DB-463D-A6F5-B716F82D2355}.Release|iPhoneSimulator.Build.0 = Release|Any CPU
		{C88592B0-24DB-463D-A6F5-B716F82D2355}.Release|iPhoneSimulator.Deploy.0 = Release|Any CPU
		{C88592B0-24DB-463D-A6F5-B716F82D2355}.Release|x64.ActiveCfg = Release|Any CPU
		{C88592B0-24DB-463D-A6F5-B716F82D2355}.Release|x64.Build.0 = Release|Any CPU
		{C88592B0-24DB-463D-A6F5-B716F82D2355}.Release|x64.Deploy.0 = Release|Any CPU
		{C88592B0-24DB-463D-A6F5-B716F82D2355}.Release|x86.ActiveCfg = Release|Any CPU
		{C88592B0-24DB-463D-A6F5-B716F82D2355}.Release|x86.Build.0 = Release|Any CPU
		{C88592B0-24DB-463D-A6F5-B716F82D2355}.Release|x86.Deploy.0 = Release|Any CPU
		{5D68FBD1-5153-4210-8722-8F0B70F9650C}.Debug|Any CPU.ActiveCfg = Debug|iPhone
		{5D68FBD1-5153-4210-8722-8F0B70F9650C}.Debug|Any CPU.Build.0 = Debug|iPhone
		{5D68FBD1-5153-4210-8722-8F0B70F9650C}.Debug|Any CPU.Deploy.0 = Debug|iPhone
		{5D68FBD1-5153-4210-8722-8F0B70F9650C}.Debug|ARM.ActiveCfg = Debug|iPhone
		{5D68FBD1-5153-4210-8722-8F0B70F9650C}.Debug|ARM.Build.0 = Debug|iPhone
		{5D68FBD1-5153-4210-8722-8F0B70F9650C}.Debug|ARM.Deploy.0 = Debug|iPhone
		{5D68FBD1-5153-4210-8722-8F0B70F9650C}.Debug|ARM64.ActiveCfg = Debug|iPhoneSimulator
		{5D68FBD1-5153-4210-8722-8F0B70F9650C}.Debug|iPhone.ActiveCfg = Debug|iPhone
		{5D68FBD1-5153-4210-8722-8F0B70F9650C}.Debug|iPhone.Build.0 = Debug|iPhone
		{5D68FBD1-5153-4210-8722-8F0B70F9650C}.Debug|iPhone.Deploy.0 = Debug|iPhone
		{5D68FBD1-5153-4210-8722-8F0B70F9650C}.Debug|iPhoneSimulator.ActiveCfg = Debug|iPhoneSimulator
		{5D68FBD1-5153-4210-8722-8F0B70F9650C}.Debug|iPhoneSimulator.Build.0 = Debug|iPhoneSimulator
		{5D68FBD1-5153-4210-8722-8F0B70F9650C}.Debug|iPhoneSimulator.Deploy.0 = Debug|iPhoneSimulator
		{5D68FBD1-5153-4210-8722-8F0B70F9650C}.Debug|x64.ActiveCfg = Debug|iPhone
		{5D68FBD1-5153-4210-8722-8F0B70F9650C}.Debug|x64.Build.0 = Debug|iPhone
		{5D68FBD1-5153-4210-8722-8F0B70F9650C}.Debug|x64.Deploy.0 = Debug|iPhone
		{5D68FBD1-5153-4210-8722-8F0B70F9650C}.Debug|x86.ActiveCfg = Debug|iPhone
		{5D68FBD1-5153-4210-8722-8F0B70F9650C}.Debug|x86.Build.0 = Debug|iPhone
		{5D68FBD1-5153-4210-8722-8F0B70F9650C}.Debug|x86.Deploy.0 = Debug|iPhone
		{5D68FBD1-5153-4210-8722-8F0B70F9650C}.Release|Any CPU.ActiveCfg = Release|iPhone
		{5D68FBD1-5153-4210-8722-8F0B70F9650C}.Release|Any CPU.Build.0 = Release|iPhone
		{5D68FBD1-5153-4210-8722-8F0B70F9650C}.Release|Any CPU.Deploy.0 = Release|iPhone
		{5D68FBD1-5153-4210-8722-8F0B70F9650C}.Release|ARM.ActiveCfg = Release|iPhone
		{5D68FBD1-5153-4210-8722-8F0B70F9650C}.Release|ARM.Build.0 = Release|iPhone
		{5D68FBD1-5153-4210-8722-8F0B70F9650C}.Release|ARM.Deploy.0 = Release|iPhone
		{5D68FBD1-5153-4210-8722-8F0B70F9650C}.Release|ARM64.ActiveCfg = Release|iPhoneSimulator
		{5D68FBD1-5153-4210-8722-8F0B70F9650C}.Release|iPhone.ActiveCfg = Release|iPhone
		{5D68FBD1-5153-4210-8722-8F0B70F9650C}.Release|iPhone.Build.0 = Release|iPhone
		{5D68FBD1-5153-4210-8722-8F0B70F9650C}.Release|iPhone.Deploy.0 = Release|iPhone
		{5D68FBD1-5153-4210-8722-8F0B70F9650C}.Release|iPhoneSimulator.ActiveCfg = Release|iPhoneSimulator
		{5D68FBD1-5153-4210-8722-8F0B70F9650C}.Release|iPhoneSimulator.Build.0 = Release|iPhoneSimulator
		{5D68FBD1-5153-4210-8722-8F0B70F9650C}.Release|iPhoneSimulator.Deploy.0 = Release|iPhoneSimulator
		{5D68FBD1-5153-4210-8722-8F0B70F9650C}.Release|x64.ActiveCfg = Release|iPhone
		{5D68FBD1-5153-4210-8722-8F0B70F9650C}.Release|x64.Build.0 = Release|iPhone
		{5D68FBD1-5153-4210-8722-8F0B70F9650C}.Release|x64.Deploy.0 = Release|iPhone
		{5D68FBD1-5153-4210-8722-8F0B70F9650C}.Release|x86.ActiveCfg = Release|iPhone
		{5D68FBD1-5153-4210-8722-8F0B70F9650C}.Release|x86.Build.0 = Release|iPhone
		{5D68FBD1-5153-4210-8722-8F0B70F9650C}.Release|x86.Deploy.0 = Release|iPhone
		{28F07E10-9595-46A8-8ED7-C84C0BF61041}.Debug|Any CPU.ActiveCfg = Debug|Any CPU
		{28F07E10-9595-46A8-8ED7-C84C0BF61041}.Debug|Any CPU.Build.0 = Debug|Any CPU
		{28F07E10-9595-46A8-8ED7-C84C0BF61041}.Debug|Any CPU.Deploy.0 = Debug|Any CPU
		{28F07E10-9595-46A8-8ED7-C84C0BF61041}.Debug|ARM.ActiveCfg = Debug|Any CPU
		{28F07E10-9595-46A8-8ED7-C84C0BF61041}.Debug|ARM.Build.0 = Debug|Any CPU
		{28F07E10-9595-46A8-8ED7-C84C0BF61041}.Debug|ARM.Deploy.0 = Debug|Any CPU
		{28F07E10-9595-46A8-8ED7-C84C0BF61041}.Debug|ARM64.ActiveCfg = Debug|Any CPU
		{28F07E10-9595-46A8-8ED7-C84C0BF61041}.Debug|ARM64.Build.0 = Debug|Any CPU
		{28F07E10-9595-46A8-8ED7-C84C0BF61041}.Debug|iPhone.ActiveCfg = Debug|Any CPU
		{28F07E10-9595-46A8-8ED7-C84C0BF61041}.Debug|iPhone.Build.0 = Debug|Any CPU
		{28F07E10-9595-46A8-8ED7-C84C0BF61041}.Debug|iPhone.Deploy.0 = Debug|Any CPU
		{28F07E10-9595-46A8-8ED7-C84C0BF61041}.Debug|iPhoneSimulator.ActiveCfg = Debug|Any CPU
		{28F07E10-9595-46A8-8ED7-C84C0BF61041}.Debug|iPhoneSimulator.Build.0 = Debug|Any CPU
		{28F07E10-9595-46A8-8ED7-C84C0BF61041}.Debug|iPhoneSimulator.Deploy.0 = Debug|Any CPU
		{28F07E10-9595-46A8-8ED7-C84C0BF61041}.Debug|x64.ActiveCfg = Debug|Any CPU
		{28F07E10-9595-46A8-8ED7-C84C0BF61041}.Debug|x64.Build.0 = Debug|Any CPU
		{28F07E10-9595-46A8-8ED7-C84C0BF61041}.Debug|x64.Deploy.0 = Debug|Any CPU
		{28F07E10-9595-46A8-8ED7-C84C0BF61041}.Debug|x86.ActiveCfg = Debug|Any CPU
		{28F07E10-9595-46A8-8ED7-C84C0BF61041}.Debug|x86.Build.0 = Debug|Any CPU
		{28F07E10-9595-46A8-8ED7-C84C0BF61041}.Debug|x86.Deploy.0 = Debug|Any CPU
		{28F07E10-9595-46A8-8ED7-C84C0BF61041}.Release|Any CPU.ActiveCfg = Release|Any CPU
		{28F07E10-9595-46A8-8ED7-C84C0BF61041}.Release|Any CPU.Build.0 = Release|Any CPU
		{28F07E10-9595-46A8-8ED7-C84C0BF61041}.Release|Any CPU.Deploy.0 = Release|Any CPU
		{28F07E10-9595-46A8-8ED7-C84C0BF61041}.Release|ARM.ActiveCfg = Release|Any CPU
		{28F07E10-9595-46A8-8ED7-C84C0BF61041}.Release|ARM.Build.0 = Release|Any CPU
		{28F07E10-9595-46A8-8ED7-C84C0BF61041}.Release|ARM.Deploy.0 = Release|Any CPU
		{28F07E10-9595-46A8-8ED7-C84C0BF61041}.Release|ARM64.ActiveCfg = Release|Any CPU
		{28F07E10-9595-46A8-8ED7-C84C0BF61041}.Release|ARM64.Build.0 = Release|Any CPU
		{28F07E10-9595-46A8-8ED7-C84C0BF61041}.Release|iPhone.ActiveCfg = Release|Any CPU
		{28F07E10-9595-46A8-8ED7-C84C0BF61041}.Release|iPhone.Build.0 = Release|Any CPU
		{28F07E10-9595-46A8-8ED7-C84C0BF61041}.Release|iPhone.Deploy.0 = Release|Any CPU
		{28F07E10-9595-46A8-8ED7-C84C0BF61041}.Release|iPhoneSimulator.ActiveCfg = Release|Any CPU
		{28F07E10-9595-46A8-8ED7-C84C0BF61041}.Release|iPhoneSimulator.Build.0 = Release|Any CPU
		{28F07E10-9595-46A8-8ED7-C84C0BF61041}.Release|iPhoneSimulator.Deploy.0 = Release|Any CPU
		{28F07E10-9595-46A8-8ED7-C84C0BF61041}.Release|x64.ActiveCfg = Release|Any CPU
		{28F07E10-9595-46A8-8ED7-C84C0BF61041}.Release|x64.Build.0 = Release|Any CPU
		{28F07E10-9595-46A8-8ED7-C84C0BF61041}.Release|x64.Deploy.0 = Release|Any CPU
		{28F07E10-9595-46A8-8ED7-C84C0BF61041}.Release|x86.ActiveCfg = Release|Any CPU
		{28F07E10-9595-46A8-8ED7-C84C0BF61041}.Release|x86.Build.0 = Release|Any CPU
		{28F07E10-9595-46A8-8ED7-C84C0BF61041}.Release|x86.Deploy.0 = Release|Any CPU
		{ED3F7A2F-0D08-4C09-AAE1-B359BF59A9AF}.Debug|Any CPU.ActiveCfg = Debug|Any CPU
		{ED3F7A2F-0D08-4C09-AAE1-B359BF59A9AF}.Debug|Any CPU.Build.0 = Debug|Any CPU
		{ED3F7A2F-0D08-4C09-AAE1-B359BF59A9AF}.Debug|ARM.ActiveCfg = Debug|Any CPU
		{ED3F7A2F-0D08-4C09-AAE1-B359BF59A9AF}.Debug|ARM.Build.0 = Debug|Any CPU
		{ED3F7A2F-0D08-4C09-AAE1-B359BF59A9AF}.Debug|ARM64.ActiveCfg = Debug|Any CPU
		{ED3F7A2F-0D08-4C09-AAE1-B359BF59A9AF}.Debug|ARM64.Build.0 = Debug|Any CPU
		{ED3F7A2F-0D08-4C09-AAE1-B359BF59A9AF}.Debug|iPhone.ActiveCfg = Debug|Any CPU
		{ED3F7A2F-0D08-4C09-AAE1-B359BF59A9AF}.Debug|iPhone.Build.0 = Debug|Any CPU
		{ED3F7A2F-0D08-4C09-AAE1-B359BF59A9AF}.Debug|iPhoneSimulator.ActiveCfg = Debug|Any CPU
		{ED3F7A2F-0D08-4C09-AAE1-B359BF59A9AF}.Debug|iPhoneSimulator.Build.0 = Debug|Any CPU
		{ED3F7A2F-0D08-4C09-AAE1-B359BF59A9AF}.Debug|x64.ActiveCfg = Debug|Any CPU
		{ED3F7A2F-0D08-4C09-AAE1-B359BF59A9AF}.Debug|x64.Build.0 = Debug|Any CPU
		{ED3F7A2F-0D08-4C09-AAE1-B359BF59A9AF}.Debug|x86.ActiveCfg = Debug|Any CPU
		{ED3F7A2F-0D08-4C09-AAE1-B359BF59A9AF}.Debug|x86.Build.0 = Debug|Any CPU
		{ED3F7A2F-0D08-4C09-AAE1-B359BF59A9AF}.Release|Any CPU.ActiveCfg = Release|Any CPU
		{ED3F7A2F-0D08-4C09-AAE1-B359BF59A9AF}.Release|Any CPU.Build.0 = Release|Any CPU
		{ED3F7A2F-0D08-4C09-AAE1-B359BF59A9AF}.Release|ARM.ActiveCfg = Release|Any CPU
		{ED3F7A2F-0D08-4C09-AAE1-B359BF59A9AF}.Release|ARM.Build.0 = Release|Any CPU
		{ED3F7A2F-0D08-4C09-AAE1-B359BF59A9AF}.Release|ARM64.ActiveCfg = Release|Any CPU
		{ED3F7A2F-0D08-4C09-AAE1-B359BF59A9AF}.Release|ARM64.Build.0 = Release|Any CPU
		{ED3F7A2F-0D08-4C09-AAE1-B359BF59A9AF}.Release|iPhone.ActiveCfg = Release|Any CPU
		{ED3F7A2F-0D08-4C09-AAE1-B359BF59A9AF}.Release|iPhone.Build.0 = Release|Any CPU
		{ED3F7A2F-0D08-4C09-AAE1-B359BF59A9AF}.Release|iPhoneSimulator.ActiveCfg = Release|Any CPU
		{ED3F7A2F-0D08-4C09-AAE1-B359BF59A9AF}.Release|iPhoneSimulator.Build.0 = Release|Any CPU
		{ED3F7A2F-0D08-4C09-AAE1-B359BF59A9AF}.Release|x64.ActiveCfg = Release|Any CPU
		{ED3F7A2F-0D08-4C09-AAE1-B359BF59A9AF}.Release|x64.Build.0 = Release|Any CPU
		{ED3F7A2F-0D08-4C09-AAE1-B359BF59A9AF}.Release|x86.ActiveCfg = Release|Any CPU
		{ED3F7A2F-0D08-4C09-AAE1-B359BF59A9AF}.Release|x86.Build.0 = Release|Any CPU
		{091495B7-BCC3-421F-96F3-2BE6ECA1A42D}.Debug|Any CPU.ActiveCfg = Debug|Any CPU
		{091495B7-BCC3-421F-96F3-2BE6ECA1A42D}.Debug|Any CPU.Build.0 = Debug|Any CPU
		{091495B7-BCC3-421F-96F3-2BE6ECA1A42D}.Debug|ARM.ActiveCfg = Debug|Any CPU
		{091495B7-BCC3-421F-96F3-2BE6ECA1A42D}.Debug|ARM.Build.0 = Debug|Any CPU
		{091495B7-BCC3-421F-96F3-2BE6ECA1A42D}.Debug|ARM64.ActiveCfg = Debug|Any CPU
		{091495B7-BCC3-421F-96F3-2BE6ECA1A42D}.Debug|ARM64.Build.0 = Debug|Any CPU
		{091495B7-BCC3-421F-96F3-2BE6ECA1A42D}.Debug|iPhone.ActiveCfg = Debug|Any CPU
		{091495B7-BCC3-421F-96F3-2BE6ECA1A42D}.Debug|iPhone.Build.0 = Debug|Any CPU
		{091495B7-BCC3-421F-96F3-2BE6ECA1A42D}.Debug|iPhoneSimulator.ActiveCfg = Debug|Any CPU
		{091495B7-BCC3-421F-96F3-2BE6ECA1A42D}.Debug|iPhoneSimulator.Build.0 = Debug|Any CPU
		{091495B7-BCC3-421F-96F3-2BE6ECA1A42D}.Debug|x64.ActiveCfg = Debug|Any CPU
		{091495B7-BCC3-421F-96F3-2BE6ECA1A42D}.Debug|x64.Build.0 = Debug|Any CPU
		{091495B7-BCC3-421F-96F3-2BE6ECA1A42D}.Debug|x86.ActiveCfg = Debug|Any CPU
		{091495B7-BCC3-421F-96F3-2BE6ECA1A42D}.Debug|x86.Build.0 = Debug|Any CPU
		{091495B7-BCC3-421F-96F3-2BE6ECA1A42D}.Release|Any CPU.ActiveCfg = Release|Any CPU
		{091495B7-BCC3-421F-96F3-2BE6ECA1A42D}.Release|Any CPU.Build.0 = Release|Any CPU
		{091495B7-BCC3-421F-96F3-2BE6ECA1A42D}.Release|ARM.ActiveCfg = Release|Any CPU
		{091495B7-BCC3-421F-96F3-2BE6ECA1A42D}.Release|ARM.Build.0 = Release|Any CPU
		{091495B7-BCC3-421F-96F3-2BE6ECA1A42D}.Release|ARM64.ActiveCfg = Release|Any CPU
		{091495B7-BCC3-421F-96F3-2BE6ECA1A42D}.Release|ARM64.Build.0 = Release|Any CPU
		{091495B7-BCC3-421F-96F3-2BE6ECA1A42D}.Release|iPhone.ActiveCfg = Release|Any CPU
		{091495B7-BCC3-421F-96F3-2BE6ECA1A42D}.Release|iPhone.Build.0 = Release|Any CPU
		{091495B7-BCC3-421F-96F3-2BE6ECA1A42D}.Release|iPhoneSimulator.ActiveCfg = Release|Any CPU
		{091495B7-BCC3-421F-96F3-2BE6ECA1A42D}.Release|iPhoneSimulator.Build.0 = Release|Any CPU
		{091495B7-BCC3-421F-96F3-2BE6ECA1A42D}.Release|x64.ActiveCfg = Release|Any CPU
		{091495B7-BCC3-421F-96F3-2BE6ECA1A42D}.Release|x64.Build.0 = Release|Any CPU
		{091495B7-BCC3-421F-96F3-2BE6ECA1A42D}.Release|x86.ActiveCfg = Release|Any CPU
		{091495B7-BCC3-421F-96F3-2BE6ECA1A42D}.Release|x86.Build.0 = Release|Any CPU
		{EC2EA29B-E3C5-4AF1-8522-499CE6FBFD6F}.Debug|Any CPU.ActiveCfg = Debug|Any CPU
		{EC2EA29B-E3C5-4AF1-8522-499CE6FBFD6F}.Debug|Any CPU.Build.0 = Debug|Any CPU
		{EC2EA29B-E3C5-4AF1-8522-499CE6FBFD6F}.Debug|ARM.ActiveCfg = Debug|Any CPU
		{EC2EA29B-E3C5-4AF1-8522-499CE6FBFD6F}.Debug|ARM.Build.0 = Debug|Any CPU
		{EC2EA29B-E3C5-4AF1-8522-499CE6FBFD6F}.Debug|ARM64.ActiveCfg = Debug|Any CPU
		{EC2EA29B-E3C5-4AF1-8522-499CE6FBFD6F}.Debug|ARM64.Build.0 = Debug|Any CPU
		{EC2EA29B-E3C5-4AF1-8522-499CE6FBFD6F}.Debug|iPhone.ActiveCfg = Debug|Any CPU
		{EC2EA29B-E3C5-4AF1-8522-499CE6FBFD6F}.Debug|iPhone.Build.0 = Debug|Any CPU
		{EC2EA29B-E3C5-4AF1-8522-499CE6FBFD6F}.Debug|iPhoneSimulator.ActiveCfg = Debug|Any CPU
		{EC2EA29B-E3C5-4AF1-8522-499CE6FBFD6F}.Debug|iPhoneSimulator.Build.0 = Debug|Any CPU
		{EC2EA29B-E3C5-4AF1-8522-499CE6FBFD6F}.Debug|x64.ActiveCfg = Debug|Any CPU
		{EC2EA29B-E3C5-4AF1-8522-499CE6FBFD6F}.Debug|x64.Build.0 = Debug|Any CPU
		{EC2EA29B-E3C5-4AF1-8522-499CE6FBFD6F}.Debug|x86.ActiveCfg = Debug|Any CPU
		{EC2EA29B-E3C5-4AF1-8522-499CE6FBFD6F}.Debug|x86.Build.0 = Debug|Any CPU
		{EC2EA29B-E3C5-4AF1-8522-499CE6FBFD6F}.Release|Any CPU.ActiveCfg = Release|Any CPU
		{EC2EA29B-E3C5-4AF1-8522-499CE6FBFD6F}.Release|Any CPU.Build.0 = Release|Any CPU
		{EC2EA29B-E3C5-4AF1-8522-499CE6FBFD6F}.Release|ARM.ActiveCfg = Release|Any CPU
		{EC2EA29B-E3C5-4AF1-8522-499CE6FBFD6F}.Release|ARM.Build.0 = Release|Any CPU
		{EC2EA29B-E3C5-4AF1-8522-499CE6FBFD6F}.Release|ARM64.ActiveCfg = Release|Any CPU
		{EC2EA29B-E3C5-4AF1-8522-499CE6FBFD6F}.Release|ARM64.Build.0 = Release|Any CPU
		{EC2EA29B-E3C5-4AF1-8522-499CE6FBFD6F}.Release|iPhone.ActiveCfg = Release|Any CPU
		{EC2EA29B-E3C5-4AF1-8522-499CE6FBFD6F}.Release|iPhone.Build.0 = Release|Any CPU
		{EC2EA29B-E3C5-4AF1-8522-499CE6FBFD6F}.Release|iPhoneSimulator.ActiveCfg = Release|Any CPU
		{EC2EA29B-E3C5-4AF1-8522-499CE6FBFD6F}.Release|iPhoneSimulator.Build.0 = Release|Any CPU
		{EC2EA29B-E3C5-4AF1-8522-499CE6FBFD6F}.Release|x64.ActiveCfg = Release|Any CPU
		{EC2EA29B-E3C5-4AF1-8522-499CE6FBFD6F}.Release|x64.Build.0 = Release|Any CPU
		{EC2EA29B-E3C5-4AF1-8522-499CE6FBFD6F}.Release|x86.ActiveCfg = Release|Any CPU
		{EC2EA29B-E3C5-4AF1-8522-499CE6FBFD6F}.Release|x86.Build.0 = Release|Any CPU
		{E10262E8-644D-4463-A6E0-0DAB7D6AC24F}.Debug|Any CPU.ActiveCfg = Debug|Any CPU
		{E10262E8-644D-4463-A6E0-0DAB7D6AC24F}.Debug|Any CPU.Build.0 = Debug|Any CPU
		{E10262E8-644D-4463-A6E0-0DAB7D6AC24F}.Debug|ARM.ActiveCfg = Debug|ARM
		{E10262E8-644D-4463-A6E0-0DAB7D6AC24F}.Debug|ARM.Build.0 = Debug|ARM
		{E10262E8-644D-4463-A6E0-0DAB7D6AC24F}.Debug|ARM64.ActiveCfg = Debug|ARM64
		{E10262E8-644D-4463-A6E0-0DAB7D6AC24F}.Debug|ARM64.Build.0 = Debug|ARM64
		{E10262E8-644D-4463-A6E0-0DAB7D6AC24F}.Debug|iPhone.ActiveCfg = Debug|Any CPU
		{E10262E8-644D-4463-A6E0-0DAB7D6AC24F}.Debug|iPhone.Build.0 = Debug|Any CPU
		{E10262E8-644D-4463-A6E0-0DAB7D6AC24F}.Debug|iPhoneSimulator.ActiveCfg = Debug|Any CPU
		{E10262E8-644D-4463-A6E0-0DAB7D6AC24F}.Debug|iPhoneSimulator.Build.0 = Debug|Any CPU
		{E10262E8-644D-4463-A6E0-0DAB7D6AC24F}.Debug|x64.ActiveCfg = Debug|x64
		{E10262E8-644D-4463-A6E0-0DAB7D6AC24F}.Debug|x64.Build.0 = Debug|x64
		{E10262E8-644D-4463-A6E0-0DAB7D6AC24F}.Debug|x86.ActiveCfg = Debug|x86
		{E10262E8-644D-4463-A6E0-0DAB7D6AC24F}.Debug|x86.Build.0 = Debug|x86
		{E10262E8-644D-4463-A6E0-0DAB7D6AC24F}.Release|Any CPU.ActiveCfg = Release|Any CPU
		{E10262E8-644D-4463-A6E0-0DAB7D6AC24F}.Release|Any CPU.Build.0 = Release|Any CPU
		{E10262E8-644D-4463-A6E0-0DAB7D6AC24F}.Release|ARM.ActiveCfg = Release|ARM
		{E10262E8-644D-4463-A6E0-0DAB7D6AC24F}.Release|ARM.Build.0 = Release|ARM
		{E10262E8-644D-4463-A6E0-0DAB7D6AC24F}.Release|ARM64.ActiveCfg = Release|ARM64
		{E10262E8-644D-4463-A6E0-0DAB7D6AC24F}.Release|ARM64.Build.0 = Release|ARM64
		{E10262E8-644D-4463-A6E0-0DAB7D6AC24F}.Release|iPhone.ActiveCfg = Release|Any CPU
		{E10262E8-644D-4463-A6E0-0DAB7D6AC24F}.Release|iPhone.Build.0 = Release|Any CPU
		{E10262E8-644D-4463-A6E0-0DAB7D6AC24F}.Release|iPhoneSimulator.ActiveCfg = Release|Any CPU
		{E10262E8-644D-4463-A6E0-0DAB7D6AC24F}.Release|iPhoneSimulator.Build.0 = Release|Any CPU
		{E10262E8-644D-4463-A6E0-0DAB7D6AC24F}.Release|x64.ActiveCfg = Release|x64
		{E10262E8-644D-4463-A6E0-0DAB7D6AC24F}.Release|x64.Build.0 = Release|x64
		{E10262E8-644D-4463-A6E0-0DAB7D6AC24F}.Release|x86.ActiveCfg = Release|x86
		{E10262E8-644D-4463-A6E0-0DAB7D6AC24F}.Release|x86.Build.0 = Release|x86
	EndGlobalSection
	GlobalSection(SolutionProperties) = preSolution
		HideSolutionNode = FALSE
	EndGlobalSection
	GlobalSection(NestedProjects) = preSolution
		{ED3F7A2F-0D08-4C09-AAE1-B359BF59A9AF} = {1ECF30C3-E2BA-4ACE-ADED-5DE19D2DF931}
		{6A474118-6CF1-4C76-8A52-2286B9AB0CFA} = {1ECF30C3-E2BA-4ACE-ADED-5DE19D2DF931}
		{091495B7-BCC3-421F-96F3-2BE6ECA1A42D} = {1ECF30C3-E2BA-4ACE-ADED-5DE19D2DF931}
		{EC2EA29B-E3C5-4AF1-8522-499CE6FBFD6F} = {1ECF30C3-E2BA-4ACE-ADED-5DE19D2DF931}
		{E10262E8-644D-4463-A6E0-0DAB7D6AC24F} = {1ECF30C3-E2BA-4ACE-ADED-5DE19D2DF931}
	EndGlobalSection
	GlobalSection(ExtensibilityGlobals) = postSolution
		SolutionGuid = {05EB2B37-1EF3-4F7D-8D39-E3F557A1E257}
	EndGlobalSection
EndGlobal
