
Microsoft Visual Studio Solution File, Format Version 12.00
# Visual Studio Version 16
VisualStudioVersion = 16.0.30002.166
MinimumVisualStudioVersion = 10.0.40219.1
Project("{FAE04EC0-301F-11D3-BF4B-00C04F79EFBC}") = "LibGit2Sharp.App.UWP", "LibGit2Sharp.App.UWP\LibGit2Sharp.App.UWP.csproj", "{4F0DFF10-E16B-4CE0-8684-AF8A7B7C4E0B}"
EndProject
Project("{FAE04EC0-301F-11D3-BF4B-00C04F79EFBC}") = "LibGit2Sharp.App.Android", "LibGit2Sharp.App.Android\LibGit2Sharp.App.Android.csproj", "{C88592B0-24DB-463D-A6F5-B716F82D2355}"
EndProject
Project("{FAE04EC0-301F-11D3-BF4B-00C04F79EFBC}") = "LibGit2Sharp.App.iOS", "LibGit2Sharp.App.iOS\LibGit2Sharp.App.iOS.csproj", "{5D68FBD1-5153-4210-8722-8F0B70F9650C}"
EndProject
Project("{FAE04EC0-301F-11D3-BF4B-00C04F79EFBC}") = "LibGit2Sharp.App", "LibGit2Sharp.App\LibGit2Sharp.App.csproj", "{28F07E10-9595-46A8-8ED7-C84C0BF61041}"
EndProject
Global
	GlobalSection(SolutionConfigurationPlatforms) = preSolution
		Debug|Any CPU = Debug|Any CPU
		Debug|ARM = Debug|ARM
		Debug|iPhone = Debug|iPhone
		Debug|iPhoneSimulator = Debug|iPhoneSimulator
		Debug|x64 = Debug|x64
		Debug|x86 = Debug|x86
		Release|Any CPU = Release|Any CPU
		Release|ARM = Release|ARM
		Release|iPhone = Release|iPhone
		Release|iPhoneSimulator = Release|iPhoneSimulator
		Release|x64 = Release|x64
		Release|x86 = Release|x86
	EndGlobalSection
	GlobalSection(ProjectConfigurationPlatforms) = postSolution
		{4F0DFF10-E16B-4CE0-8684-AF8A7B7C4E0B}.Debug|Any CPU.ActiveCfg = Debug|x86
		{4F0DFF10-E16B-4CE0-8684-AF8A7B7C4E0B}.Debug|Any CPU.Build.0 = Debug|x86
		{4F0DFF10-E16B-4CE0-8684-AF8A7B7C4E0B}.Debug|Any CPU.Deploy.0 = Debug|x86
		{4F0DFF10-E16B-4CE0-8684-AF8A7B7C4E0B}.Debug|ARM.ActiveCfg = Debug|ARM
		{4F0DFF10-E16B-4CE0-8684-AF8A7B7C4E0B}.Debug|ARM.Build.0 = Debug|ARM
		{4F0DFF10-E16B-4CE0-8684-AF8A7B7C4E0B}.Debug|ARM.Deploy.0 = Debug|ARM
		{4F0DFF10-E16B-4CE0-8684-AF8A7B7C4E0B}.Debug|iPhone.ActiveCfg = Debug|x86
		{4F0DFF10-E16B-4CE0-8684-AF8A7B7C4E0B}.Debug|iPhone.Build.0 = Debug|x86
		{4F0DFF10-E16B-4CE0-8684-AF8A7B7C4E0B}.Debug|iPhone.Deploy.0 = Debug|x86
		{4F0DFF10-E16B-4CE0-8684-AF8A7B7C4E0B}.Debug|iPhoneSimulator.ActiveCfg = Debug|x86
		{4F0DFF10-E16B-4CE0-8684-AF8A7B7C4E0B}.Debug|iPhoneSimulator.Build.0 = Debug|x86
		{4F0DFF10-E16B-4CE0-8684-AF8A7B7C4E0B}.Debug|iPhoneSimulator.Deploy.0 = Debug|x86
		{4F0DFF10-E16B-4CE0-8684-AF8A7B7C4E0B}.Debug|x64.ActiveCfg = Debug|x64
		{4F0DFF10-E16B-4CE0-8684-AF8A7B7C4E0B}.Debug|x64.Build.0 = Debug|x64
		{4F0DFF10-E16B-4CE0-8684-AF8A7B7C4E0B}.Debug|x64.Deploy.0 = Debug|x64
		{4F0DFF10-E16B-4CE0-8684-AF8A7B7C4E0B}.Debug|x86.ActiveCfg = Debug|x86
		{4F0DFF10-E16B-4CE0-8684-AF8A7B7C4E0B}.Debug|x86.Build.0 = Debug|x86
		{4F0DFF10-E16B-4CE0-8684-AF8A7B7C4E0B}.Debug|x86.Deploy.0 = Debug|x86
		{4F0DFF10-E16B-4CE0-8684-AF8A7B7C4E0B}.Release|Any CPU.ActiveCfg = Release|x86
		{4F0DFF10-E16B-4CE0-8684-AF8A7B7C4E0B}.Release|Any CPU.Build.0 = Release|x86
		{4F0DFF10-E16B-4CE0-8684-AF8A7B7C4E0B}.Release|Any CPU.Deploy.0 = Release|x86
		{4F0DFF10-E16B-4CE0-8684-AF8A7B7C4E0B}.Release|ARM.ActiveCfg = Release|ARM
		{4F0DFF10-E16B-4CE0-8684-AF8A7B7C4E0B}.Release|ARM.Build.0 = Release|ARM
		{4F0DFF10-E16B-4CE0-8684-AF8A7B7C4E0B}.Release|ARM.Deploy.0 = Release|ARM
		{4F0DFF10-E16B-4CE0-8684-AF8A7B7C4E0B}.Release|iPhone.ActiveCfg = Release|x86
		{4F0DFF10-E16B-4CE0-8684-AF8A7B7C4E0B}.Release|iPhone.Build.0 = Release|x86
		{4F0DFF10-E16B-4CE0-8684-AF8A7B7C4E0B}.Release|iPhone.Deploy.0 = Release|x86
		{4F0DFF10-E16B-4CE0-8684-AF8A7B7C4E0B}.Release|iPhoneSimulator.ActiveCfg = Release|x86
		{4F0DFF10-E16B-4CE0-8684-AF8A7B7C4E0B}.Release|iPhoneSimulator.Build.0 = Release|x86
		{4F0DFF10-E16B-4CE0-8684-AF8A7B7C4E0B}.Release|iPhoneSimulator.Deploy.0 = Release|x86
		{4F0DFF10-E16B-4CE0-8684-AF8A7B7C4E0B}.Release|x64.ActiveCfg = Release|x64
		{4F0DFF10-E16B-4CE0-8684-AF8A7B7C4E0B}.Release|x64.Build.0 = Release|x64
		{4F0DFF10-E16B-4CE0-8684-AF8A7B7C4E0B}.Release|x64.Deploy.0 = Release|x64
		{4F0DFF10-E16B-4CE0-8684-AF8A7B7C4E0B}.Release|x86.ActiveCfg = Release|x86
		{4F0DFF10-E16B-4CE0-8684-AF8A7B7C4E0B}.Release|x86.Build.0 = Release|x86
		{4F0DFF10-E16B-4CE0-8684-AF8A7B7C4E0B}.Release|x86.Deploy.0 = Release|x86
		{C88592B0-24DB-463D-A6F5-B716F82D2355}.Debug|Any CPU.ActiveCfg = Debug|Any CPU
		{C88592B0-24DB-463D-A6F5-B716F82D2355}.Debug|Any CPU.Build.0 = Debug|Any CPU
		{C88592B0-24DB-463D-A6F5-B716F82D2355}.Debug|Any CPU.Deploy.0 = Debug|Any CPU
		{C88592B0-24DB-463D-A6F5-B716F82D2355}.Debug|ARM.ActiveCfg = Debug|Any CPU
		{C88592B0-24DB-463D-A6F5-B716F82D2355}.Debug|ARM.Build.0 = Debug|Any CPU
		{C88592B0-24DB-463D-A6F5-B716F82D2355}.Debug|ARM.Deploy.0 = Debug|Any CPU
		{C88592B0-24DB-463D-A6F5-B716F82D2355}.Debug|iPhone.ActiveCfg = Debug|Any CPU
		{C88592B0-24DB-463D-A6F5-B716F82D2355}.Debug|iPhone.Build.0 = Debug|Any CPU
		{C88592B0-24DB-463D-A6F5-B716F82D2355}.Debug|iPhone.Deploy.0 = Debug|Any CPU
		{C88592B0-24DB-463D-A6F5-B716F82D2355}.Debug|iPhoneSimulator.ActiveCfg = Debug|Any CPU
		{C88592B0-24DB-463D-A6F5-B716F82D2355}.Debug|iPhoneSimulator.Build.0 = Debug|Any CPU
		{C88592B0-24DB-463D-A6F5-B716F82D2355}.Debug|iPhoneSimulator.Deploy.0 = Debug|Any CPU
		{C88592B0-24DB-463D-A6F5-B716F82D2355}.Debug|x64.ActiveCfg = Debug|Any CPU
		{C88592B0-24DB-463D-A6F5-B716F82D2355}.Debug|x64.Build.0 = Debug|Any CPU
		{C88592B0-24DB-463D-A6F5-B716F82D2355}.Debug|x64.Deploy.0 = Debug|Any CPU
		{C88592B0-24DB-463D-A6F5-B716F82D2355}.Debug|x86.ActiveCfg = Debug|Any CPU
		{C88592B0-24DB-463D-A6F5-B716F82D2355}.Debug|x86.Build.0 = Debug|Any CPU
		{C88592B0-24DB-463D-A6F5-B716F82D2355}.Debug|x86.Deploy.0 = Debug|Any CPU
		{C88592B0-24DB-463D-A6F5-B716F82D2355}.Release|Any CPU.ActiveCfg = Release|Any CPU
		{C88592B0-24DB-463D-A6F5-B716F82D2355}.Release|Any CPU.Build.0 = Release|Any CPU
		{C88592B0-24DB-463D-A6F5-B716F82D2355}.Release|Any CPU.Deploy.0 = Release|Any CPU
		{C88592B0-24DB-463D-A6F5-B716F82D2355}.Release|ARM.ActiveCfg = Release|Any CPU
		{C88592B0-24DB-463D-A6F5-B716F82D2355}.Release|ARM.Build.0 = Release|Any CPU
		{C88592B0-24DB-463D-A6F5-B716F82D2355}.Release|ARM.Deploy.0 = Release|Any CPU
		{C88592B0-24DB-463D-A6F5-B716F82D2355}.Release|iPhone.ActiveCfg = Release|Any CPU
		{C88592B0-24DB-463D-A6F5-B716F82D2355}.Release|iPhone.Build.0 = Release|Any CPU
		{C88592B0-24DB-463D-A6F5-B716F82D2355}.Release|iPhone.Deploy.0 = Release|Any CPU
		{C88592B0-24DB-463D-A6F5-B716F82D2355}.Release|iPhoneSimulator.ActiveCfg = Release|Any CPU
		{C88592B0-24DB-463D-A6F5-B716F82D2355}.Release|iPhoneSimulator.Build.0 = Release|Any CPU
		{C88592B0-24DB-463D-A6F5-B716F82D2355}.Release|iPhoneSimulator.Deploy.0 = Release|Any CPU
		{C88592B0-24DB-463D-A6F5-B716F82D2355}.Release|x64.ActiveCfg = Release|Any CPU
		{C88592B0-24DB-463D-A6F5-B716F82D2355}.Release|x64.Build.0 = Release|Any CPU
		{C88592B0-24DB-463D-A6F5-B716F82D2355}.Release|x64.Deploy.0 = Release|Any CPU
		{C88592B0-24DB-463D-A6F5-B716F82D2355}.Release|x86.ActiveCfg = Release|Any CPU
		{C88592B0-24DB-463D-A6F5-B716F82D2355}.Release|x86.Build.0 = Release|Any CPU
		{C88592B0-24DB-463D-A6F5-B716F82D2355}.Release|x86.Deploy.0 = Release|Any CPU
		{5D68FBD1-5153-4210-8722-8F0B70F9650C}.Debug|Any CPU.ActiveCfg = Debug|iPhone
		{5D68FBD1-5153-4210-8722-8F0B70F9650C}.Debug|Any CPU.Build.0 = Debug|iPhone
		{5D68FBD1-5153-4210-8722-8F0B70F9650C}.Debug|Any CPU.Deploy.0 = Debug|iPhone
		{5D68FBD1-5153-4210-8722-8F0B70F9650C}.Debug|ARM.ActiveCfg = Debug|iPhone
		{5D68FBD1-5153-4210-8722-8F0B70F9650C}.Debug|ARM.Build.0 = Debug|iPhone
		{5D68FBD1-5153-4210-8722-8F0B70F9650C}.Debug|ARM.Deploy.0 = Debug|iPhone
		{5D68FBD1-5153-4210-8722-8F0B70F9650C}.Debug|iPhone.ActiveCfg = Debug|iPhone
		{5D68FBD1-5153-4210-8722-8F0B70F9650C}.Debug|iPhone.Build.0 = Debug|iPhone
		{5D68FBD1-5153-4210-8722-8F0B70F9650C}.Debug|iPhone.Deploy.0 = Debug|iPhone
		{5D68FBD1-5153-4210-8722-8F0B70F9650C}.Debug|iPhoneSimulator.ActiveCfg = Debug|iPhoneSimulator
		{5D68FBD1-5153-4210-8722-8F0B70F9650C}.Debug|iPhoneSimulator.Build.0 = Debug|iPhoneSimulator
		{5D68FBD1-5153-4210-8722-8F0B70F9650C}.Debug|iPhoneSimulator.Deploy.0 = Debug|iPhoneSimulator
		{5D68FBD1-5153-4210-8722-8F0B70F9650C}.Debug|x64.ActiveCfg = Debug|iPhone
		{5D68FBD1-5153-4210-8722-8F0B70F9650C}.Debug|x64.Build.0 = Debug|iPhone
		{5D68FBD1-5153-4210-8722-8F0B70F9650C}.Debug|x64.Deploy.0 = Debug|iPhone
		{5D68FBD1-5153-4210-8722-8F0B70F9650C}.Debug|x86.ActiveCfg = Debug|iPhone
		{5D68FBD1-5153-4210-8722-8F0B70F9650C}.Debug|x86.Build.0 = Debug|iPhone
		{5D68FBD1-5153-4210-8722-8F0B70F9650C}.Debug|x86.Deploy.0 = Debug|iPhone
		{5D68FBD1-5153-4210-8722-8F0B70F9650C}.Release|Any CPU.ActiveCfg = Release|iPhone
		{5D68FBD1-5153-4210-8722-8F0B70F9650C}.Release|Any CPU.Build.0 = Release|iPhone
		{5D68FBD1-5153-4210-8722-8F0B70F9650C}.Release|Any CPU.Deploy.0 = Release|iPhone
		{5D68FBD1-5153-4210-8722-8F0B70F9650C}.Release|ARM.ActiveCfg = Release|iPhone
		{5D68FBD1-5153-4210-8722-8F0B70F9650C}.Release|ARM.Build.0 = Release|iPhone
		{5D68FBD1-5153-4210-8722-8F0B70F9650C}.Release|ARM.Deploy.0 = Release|iPhone
		{5D68FBD1-5153-4210-8722-8F0B70F9650C}.Release|iPhone.ActiveCfg = Release|iPhone
		{5D68FBD1-5153-4210-8722-8F0B70F9650C}.Release|iPhone.Build.0 = Release|iPhone
		{5D68FBD1-5153-4210-8722-8F0B70F9650C}.Release|iPhone.Deploy.0 = Release|iPhone
		{5D68FBD1-5153-4210-8722-8F0B70F9650C}.Release|iPhoneSimulator.ActiveCfg = Release|iPhoneSimulator
		{5D68FBD1-5153-4210-8722-8F0B70F9650C}.Release|iPhoneSimulator.Build.0 = Release|iPhoneSimulator
		{5D68FBD1-5153-4210-8722-8F0B70F9650C}.Release|iPhoneSimulator.Deploy.0 = Release|iPhoneSimulator
		{5D68FBD1-5153-4210-8722-8F0B70F9650C}.Release|x64.ActiveCfg = Release|iPhone
		{5D68FBD1-5153-4210-8722-8F0B70F9650C}.Release|x64.Build.0 = Release|iPhone
		{5D68FBD1-5153-4210-8722-8F0B70F9650C}.Release|x64.Deploy.0 = Release|iPhone
		{5D68FBD1-5153-4210-8722-8F0B70F9650C}.Release|x86.ActiveCfg = Release|iPhone
		{5D68FBD1-5153-4210-8722-8F0B70F9650C}.Release|x86.Build.0 = Release|iPhone
		{5D68FBD1-5153-4210-8722-8F0B70F9650C}.Release|x86.Deploy.0 = Release|iPhone
		{28F07E10-9595-46A8-8ED7-C84C0BF61041}.Debug|Any CPU.ActiveCfg = Debug|Any CPU
		{28F07E10-9595-46A8-8ED7-C84C0BF61041}.Debug|Any CPU.Build.0 = Debug|Any CPU
		{28F07E10-9595-46A8-8ED7-C84C0BF61041}.Debug|Any CPU.Deploy.0 = Debug|Any CPU
		{28F07E10-9595-46A8-8ED7-C84C0BF61041}.Debug|ARM.ActiveCfg = Debug|Any CPU
		{28F07E10-9595-46A8-8ED7-C84C0BF61041}.Debug|ARM.Build.0 = Debug|Any CPU
		{28F07E10-9595-46A8-8ED7-C84C0BF61041}.Debug|ARM.Deploy.0 = Debug|Any CPU
		{28F07E10-9595-46A8-8ED7-C84C0BF61041}.Debug|iPhone.ActiveCfg = Debug|Any CPU
		{28F07E10-9595-46A8-8ED7-C84C0BF61041}.Debug|iPhone.Build.0 = Debug|Any CPU
		{28F07E10-9595-46A8-8ED7-C84C0BF61041}.Debug|iPhone.Deploy.0 = Debug|Any CPU
		{28F07E10-9595-46A8-8ED7-C84C0BF61041}.Debug|iPhoneSimulator.ActiveCfg = Debug|Any CPU
		{28F07E10-9595-46A8-8ED7-C84C0BF61041}.Debug|iPhoneSimulator.Build.0 = Debug|Any CPU
		{28F07E10-9595-46A8-8ED7-C84C0BF61041}.Debug|iPhoneSimulator.Deploy.0 = Debug|Any CPU
		{28F07E10-9595-46A8-8ED7-C84C0BF61041}.Debug|x64.ActiveCfg = Debug|Any CPU
		{28F07E10-9595-46A8-8ED7-C84C0BF61041}.Debug|x64.Build.0 = Debug|Any CPU
		{28F07E10-9595-46A8-8ED7-C84C0BF61041}.Debug|x64.Deploy.0 = Debug|Any CPU
		{28F07E10-9595-46A8-8ED7-C84C0BF61041}.Debug|x86.ActiveCfg = Debug|Any CPU
		{28F07E10-9595-46A8-8ED7-C84C0BF61041}.Debug|x86.Build.0 = Debug|Any CPU
		{28F07E10-9595-46A8-8ED7-C84C0BF61041}.Debug|x86.Deploy.0 = Debug|Any CPU
		{28F07E10-9595-46A8-8ED7-C84C0BF61041}.Release|Any CPU.ActiveCfg = Release|Any CPU
		{28F07E10-9595-46A8-8ED7-C84C0BF61041}.Release|Any CPU.Build.0 = Release|Any CPU
		{28F07E10-9595-46A8-8ED7-C84C0BF61041}.Release|Any CPU.Deploy.0 = Release|Any CPU
		{28F07E10-9595-46A8-8ED7-C84C0BF61041}.Release|ARM.ActiveCfg = Release|Any CPU
		{28F07E10-9595-46A8-8ED7-C84C0BF61041}.Release|ARM.Build.0 = Release|Any CPU
		{28F07E10-9595-46A8-8ED7-C84C0BF61041}.Release|ARM.Deploy.0 = Release|Any CPU
		{28F07E10-9595-46A8-8ED7-C84C0BF61041}.Release|iPhone.ActiveCfg = Release|Any CPU
		{28F07E10-9595-46A8-8ED7-C84C0BF61041}.Release|iPhone.Build.0 = Release|Any CPU
		{28F07E10-9595-46A8-8ED7-C84C0BF61041}.Release|iPhone.Deploy.0 = Release|Any CPU
		{28F07E10-9595-46A8-8ED7-C84C0BF61041}.Release|iPhoneSimulator.ActiveCfg = Release|Any CPU
		{28F07E10-9595-46A8-8ED7-C84C0BF61041}.Release|iPhoneSimulator.Build.0 = Release|Any CPU
		{28F07E10-9595-46A8-8ED7-C84C0BF61041}.Release|iPhoneSimulator.Deploy.0 = Release|Any CPU
		{28F07E10-9595-46A8-8ED7-C84C0BF61041}.Release|x64.ActiveCfg = Release|Any CPU
		{28F07E10-9595-46A8-8ED7-C84C0BF61041}.Release|x64.Build.0 = Release|Any CPU
		{28F07E10-9595-46A8-8ED7-C84C0BF61041}.Release|x64.Deploy.0 = Release|Any CPU
		{28F07E10-9595-46A8-8ED7-C84C0BF61041}.Release|x86.ActiveCfg = Release|Any CPU
		{28F07E10-9595-46A8-8ED7-C84C0BF61041}.Release|x86.Build.0 = Release|Any CPU
		{28F07E10-9595-46A8-8ED7-C84C0BF61041}.Release|x86.Deploy.0 = Release|Any CPU
	EndGlobalSection
	GlobalSection(SolutionProperties) = preSolution
		HideSolutionNode = FALSE
	EndGlobalSection
	GlobalSection(ExtensibilityGlobals) = postSolution
		SolutionGuid = {05EB2B37-1EF3-4F7D-8D39-E3F557A1E257}
	EndGlobalSection
EndGlobal
